# This file is automatically @generated by Cargo.
# It is not intended for manual editing.
version = 4

[[package]]
name = "adapters"
version = "0.0.0"
dependencies = [
 "application",
 "domain",
 "ports",
]

[[package]]
name = "app"
version = "0.0.0"

[[package]]
name = "application"
version = "0.0.0"
dependencies = [
 "domain",
 "ports",
]

[[package]]
name = "domain"
version = "0.0.0"

[[package]]
name = "ports"
version = "0.0.0"
dependencies = [
 "domain",
]
